
Microsoft Visual Studio Solution File, Format Version 12.00
# Visual Studio Version 17
VisualStudioVersion = 17.4.33205.214
MinimumVisualStudioVersion = 10.0.40219.1
Project("{FAE04EC0-301F-11D3-BF4B-00C04F79EFBC}") = "HttpEndPointsApi", "HttpEndPointsApi\HttpEndPointsApi.csproj", "{8198E3F2-25F4-40DD-AB2F-4D980F285B00}"
EndProject
Project("{FAE04EC0-301F-11D3-BF4B-00C04F79EFBC}") = "diffTesterWFA", "diffTesterWFA\diffTesterWFA.csproj", "{1A30AB48-F238-4266-8B9E-C61AD70F5888}"
EndProject
Global
	GlobalSection(SolutionConfigurationPlatforms) = preSolution
		Debug|Any CPU = Debug|Any CPU
		Release|Any CPU = Release|Any CPU
	EndGlobalSection
	GlobalSection(ProjectConfigurationPlatforms) = postSolution
		{8198E3F2-25F4-40DD-AB2F-4D980F285B00}.Debug|Any CPU.ActiveCfg = Debug|Any CPU
		{8198E3F2-25F4-40DD-AB2F-4D980F285B00}.Debug|Any CPU.Build.0 = Debug|Any CPU
		{8198E3F2-25F4-40DD-AB2F-4D980F285B00}.Release|Any CPU.ActiveCfg = Release|Any CPU
		{8198E3F2-25F4-40DD-AB2F-4D980F285B00}.Release|Any CPU.Build.0 = Release|Any CPU
		{1A30AB48-F238-4266-8B9E-C61AD70F5888}.Debug|Any CPU.ActiveCfg = Debug|Any CPU
		{1A30AB48-F238-4266-8B9E-C61AD70F5888}.Debug|Any CPU.Build.0 = Debug|Any CPU
		{1A30AB48-F238-4266-8B9E-C61AD70F5888}.Release|Any CPU.ActiveCfg = Release|Any CPU
		{1A30AB48-F238-4266-8B9E-C61AD70F5888}.Release|Any CPU.Build.0 = Release|Any CPU
	EndGlobalSection
	GlobalSection(SolutionProperties) = preSolution
		HideSolutionNode = FALSE
	EndGlobalSection
	GlobalSection(ExtensibilityGlobals) = postSolution
		SolutionGuid = {5F57570F-0B8F-4C4C-B9E5-2C5F9F64E1F5}
	EndGlobalSection
EndGlobal
